// !$*UTF8*$!
{
	archiveVersion = 1;
	classes = {
	};
	objectVersion = 56;
	objects = {

/* Begin PBXBuildFile section */
		E6237B5D2C0DBDC0001578DB /* ResusableView.swift in Sources */ = {isa = PBXBuildFile; fileRef = E6237B5C2C0DBDC0001578DB /* ResusableView.swift */; };
		E6237B612C0DBFB1001578DB /* ReusableView.xib in Resources */ = {isa = PBXBuildFile; fileRef = E6237B602C0DBFB1001578DB /* ReusableView.xib */; };
		E6C7DD162C085F33003FC4CC /* AppDelegate.swift in Sources */ = {isa = PBXBuildFile; fileRef = E6C7DD152C085F33003FC4CC /* AppDelegate.swift */; };
		E6C7DD182C085F33003FC4CC /* SceneDelegate.swift in Sources */ = {isa = PBXBuildFile; fileRef = E6C7DD172C085F33003FC4CC /* SceneDelegate.swift */; };
		E6C7DD1A2C085F33003FC4CC /* ViewController.swift in Sources */ = {isa = PBXBuildFile; fileRef = E6C7DD192C085F33003FC4CC /* ViewController.swift */; };
		E6C7DD1D2C085F33003FC4CC /* Base in Resources */ = {isa = PBXBuildFile; fileRef = E6C7DD1C2C085F33003FC4CC /* Base */; };
		E6C7DD1F2C085F35003FC4CC /* Assets.xcassets in Resources */ = {isa = PBXBuildFile; fileRef = E6C7DD1E2C085F35003FC4CC /* Assets.xcassets */; };
		E6C7DD222C085F35003FC4CC /* Base in Resources */ = {isa = PBXBuildFile; fileRef = E6C7DD212C085F35003FC4CC /* Base */; };
		E6C7DD2A2C0861F8003FC4CC /* SecondViewController.swift in Sources */ = {isa = PBXBuildFile; fileRef = E6C7DD292C0861F8003FC4CC /* SecondViewController.swift */; };
		E6C7DD2C2C08703D003FC4CC /* ThirdViewController.swift in Sources */ = {isa = PBXBuildFile; fileRef = E6C7DD2B2C08703D003FC4CC /* ThirdViewController.swift */; };
/* End PBXBuildFile section */

/* Begin PBXFileReference section */
		E6237B5C2C0DBDC0001578DB /* ResusableView.swift */ = {isa = PBXFileReference; lastKnownFileType = sourcecode.swift; path = ResusableView.swift; sourceTree = "<group>"; };
		E6237B602C0DBFB1001578DB /* ReusableView.xib */ = {isa = PBXFileReference; lastKnownFileType = file.xib; path = ReusableView.xib; sourceTree = "<group>"; };
		E6C7DD122C085F33003FC4CC /* NavigationsExamples.app */ = {isa = PBXFileReference; explicitFileType = wrapper.application; includeInIndex = 0; path = NavigationsExamples.app; sourceTree = BUILT_PRODUCTS_DIR; };
		E6C7DD152C085F33003FC4CC /* AppDelegate.swift */ = {isa = PBXFileReference; lastKnownFileType = sourcecode.swift; path = AppDelegate.swift; sourceTree = "<group>"; };
		E6C7DD172C085F33003FC4CC /* SceneDelegate.swift */ = {isa = PBXFileReference; lastKnownFileType = sourcecode.swift; path = SceneDelegate.swift; sourceTree = "<group>"; };
		E6C7DD192C085F33003FC4CC /* ViewController.swift */ = {isa = PBXFileReference; lastKnownFileType = sourcecode.swift; path = ViewController.swift; sourceTree = "<group>"; };
		E6C7DD1C2C085F33003FC4CC /* Base */ = {isa = PBXFileReference; lastKnownFileType = file.storyboard; name = Base; path = Base.lproj/Main.storyboard; sourceTree = "<group>"; };
		E6C7DD1E2C085F35003FC4CC /* Assets.xcassets */ = {isa = PBXFileReference; lastKnownFileType = folder.assetcatalog; path = Assets.xcassets; sourceTree = "<group>"; };
		E6C7DD212C085F35003FC4CC /* Base */ = {isa = PBXFileReference; lastKnownFileType = file.storyboard; name = Base; path = Base.lproj/LaunchScreen.storyboard; sourceTree = "<group>"; };
		E6C7DD232C085F35003FC4CC /* Info.plist */ = {isa = PBXFileReference; lastKnownFileType = text.plist.xml; path = Info.plist; sourceTree = "<group>"; };
		E6C7DD292C0861F8003FC4CC /* SecondViewController.swift */ = {isa = PBXFileReference; lastKnownFileType = sourcecode.swift; path = SecondViewController.swift; sourceTree = "<group>"; };
		E6C7DD2B2C08703D003FC4CC /* ThirdViewController.swift */ = {isa = PBXFileReference; lastKnownFileType = sourcecode.swift; path = ThirdViewController.swift; sourceTree = "<group>"; };
/* End PBXFileReference section */

/* Begin PBXFrameworksBuildPhase section */
		E6C7DD0F2C085F33003FC4CC /* Frameworks */ = {
			isa = PBXFrameworksBuildPhase;
			buildActionMask = 2147483647;
			files = (
			);
			runOnlyForDeploymentPostprocessing = 0;
		};
/* End PBXFrameworksBuildPhase section */

/* Begin PBXGroup section */
		E6C7DD092C085F33003FC4CC = {
			isa = PBXGroup;
			children = (
				E6C7DD142C085F33003FC4CC /* NavigationsExamples */,
				E6C7DD132C085F33003FC4CC /* Products */,
			);
			sourceTree = "<group>";
		};
		E6C7DD132C085F33003FC4CC /* Products */ = {
			isa = PBXGroup;
			children = (
				E6C7DD122C085F33003FC4CC /* NavigationsExamples.app */,
			);
			name = Products;
			sourceTree = "<group>";
		};
		E6C7DD142C085F33003FC4CC /* NavigationsExamples */ = {
			isa = PBXGroup;
			children = (
				E6C7DD152C085F33003FC4CC /* AppDelegate.swift */,
				E6C7DD172C085F33003FC4CC /* SceneDelegate.swift */,
				E6C7DD192C085F33003FC4CC /* ViewController.swift */,
				E6C7DD292C0861F8003FC4CC /* SecondViewController.swift */,
				E6C7DD1B2C085F33003FC4CC /* Main.storyboard */,
				E6C7DD2B2C08703D003FC4CC /* ThirdViewController.swift */,
				E6237B602C0DBFB1001578DB /* ReusableView.xib */,
				E6237B5C2C0DBDC0001578DB /* ResusableView.swift */,
				E6C7DD1E2C085F35003FC4CC /* Assets.xcassets */,
				E6C7DD202C085F35003FC4CC /* LaunchScreen.storyboard */,
				E6C7DD232C085F35003FC4CC /* Info.plist */,
			);
			path = NavigationsExamples;
			sourceTree = "<group>";
		};
/* End PBXGroup section */

/* Begin PBXNativeTarget section */
		E6C7DD112C085F33003FC4CC /* NavigationsExamples */ = {
			isa = PBXNativeTarget;
			buildConfigurationList = E6C7DD262C085F35003FC4CC /* Build configuration list for PBXNativeTarget "NavigationsExamples" */;
			buildPhases = (
				E6C7DD0E2C085F33003FC4CC /* Sources */,
				E6C7DD0F2C085F33003FC4CC /* Frameworks */,
				E6C7DD102C085F33003FC4CC /* Resources */,
			);
			buildRules = (
			);
			dependencies = (
			);
			name = NavigationsExamples;
			productName = NavigationsExamples;
			productReference = E6C7DD122C085F33003FC4CC /* NavigationsExamples.app */;
			productType = "com.apple.product-type.application";
		};
/* End PBXNativeTarget section */

/* Begin PBXProject section */
		E6C7DD0A2C085F33003FC4CC /* Project object */ = {
			isa = PBXProject;
			attributes = {
				BuildIndependentTargetsInParallel = 1;
				LastSwiftUpdateCheck = 1540;
				LastUpgradeCheck = 1540;
				TargetAttributes = {
					E6C7DD112C085F33003FC4CC = {
						CreatedOnToolsVersion = 15.4;
					};
				};
			};
			buildConfigurationList = E6C7DD0D2C085F33003FC4CC /* Build configuration list for PBXProject "NavigationsExamples" */;
			compatibilityVersion = "Xcode 14.0";
			developmentRegion = en;
			hasScannedForEncodings = 0;
			knownRegions = (
				en,
				Base,
			);
			mainGroup = E6C7DD092C085F33003FC4CC;
			productRefGroup = E6C7DD132C085F33003FC4CC /* Products */;
			projectDirPath = "";
			projectRoot = "";
			targets = (
				E6C7DD112C085F33003FC4CC /* NavigationsExamples */,
			);
		};
/* End PBXProject section */

/* Begin PBXResourcesBuildPhase section */
		E6C7DD102C085F33003FC4CC /* Resources */ = {
			isa = PBXResourcesBuildPhase;
			buildActionMask = 2147483647;
			files = (
				E6C7DD1F2C085F35003FC4CC /* Assets.xcassets in Resources */,
				E6C7DD222C085F35003FC4CC /* Base in Resources */,
				E6C7DD1D2C085F33003FC4CC /* Base in Resources */,
				E6237B612C0DBFB1001578DB /* ReusableView.xib in Resources */,
			);
			runOnlyForDeploymentPostprocessing = 0;
		};
/* End PBXResourcesBuildPhase section */

/* Begin PBXSourcesBuildPhase section */
		E6C7DD0E2C085F33003FC4CC /* Sources */ = {
			isa = PBXSourcesBuildPhase;
			buildActionMask = 2147483647;
			files = (
				E6C7DD2A2C0861F8003FC4CC /* SecondViewController.swift in Sources */,
				E6C7DD1A2C085F33003FC4CC /* ViewController.swift in Sources */,
				E6C7DD2C2C08703D003FC4CC /* ThirdViewController.swift in Sources */,
				E6C7DD162C085F33003FC4CC /* AppDelegate.swift in Sources */,
				E6C7DD182C085F33003FC4CC /* SceneDelegate.swift in Sources */,
				E6237B5D2C0DBDC0001578DB /* ResusableView.swift in Sources */,
			);
			runOnlyForDeploymentPostprocessing = 0;
		};
/* End PBXSourcesBuildPhase section */

/* Begin PBXVariantGroup section */
		E6C7DD1B2C085F33003FC4CC /* Main.storyboard */ = {
			isa = PBXVariantGroup;
			children = (
				E6C7DD1C2C085F33003FC4CC /* Base */,
			);
			name = Main.storyboard;
			sourceTree = "<group>";
		};
		E6C7DD202C085F35003FC4CC /* LaunchScreen.storyboard */ = {
			isa = PBXVariantGroup;
			children = (
				E6C7DD212C085F35003FC4CC /* Base */,
			);
			name = LaunchScreen.storyboard;
			sourceTree = "<group>";
		};
/* End PBXVariantGroup section */

/* Begin XCBuildConfiguration section */
		E6C7DD242C085F35003FC4CC /* Debug */ = {
			isa = XCBuildConfiguration;
			buildSettings = {
				ALWAYS_SEARCH_USER_PATHS = NO;
				ASSETCATALOG_COMPILER_GENERATE_SWIFT_ASSET_SYMBOL_EXTENSIONS = YES;
				CLANG_ANALYZER_NONNULL = YES;
				CLANG_ANALYZER_NUMBER_OBJECT_CONVERSION = YES_AGGRESSIVE;
				CLANG_CXX_LANGUAGE_STANDARD = "gnu++20";
				CLANG_ENABLE_MODULES = YES;
				CLANG_ENABLE_OBJC_ARC = YES;
				CLANG_ENABLE_OBJC_WEAK = YES;
				CLANG_WARN_BLOCK_CAPTURE_AUTORELEASING = YES;
				CLANG_WARN_BOOL_CONVERSION = YES;
				CLANG_WARN_COMMA = YES;
				CLANG_WARN_CONSTANT_CONVERSION = YES;
				CLANG_WARN_DEPRECATED_OBJC_IMPLEMENTATIONS = YES;
				CLANG_WARN_DIRECT_OBJC_ISA_USAGE = YES_ERROR;
				CLANG_WARN_DOCUMENTATION_COMMENTS = YES;
				CLANG_WARN_EMPTY_BODY = YES;
				CLANG_WARN_ENUM_CONVERSION = YES;
				CLANG_WARN_INFINITE_RECURSION = YES;
				CLANG_WARN_INT_CONVERSION = YES;
				CLANG_WARN_NON_LITERAL_NULL_CONVERSION = YES;
				CLANG_WARN_OBJC_IMPLICIT_RETAIN_SELF = YES;
				CLANG_WARN_OBJC_LITERAL_CONVERSION = YES;
				CLANG_WARN_OBJC_ROOT_CLASS = YES_ERROR;
				CLANG_WARN_QUOTED_INCLUDE_IN_FRAMEWORK_HEADER = YES;
				CLANG_WARN_RANGE_LOOP_ANALYSIS = YES;
				CLANG_WARN_STRICT_PROTOTYPES = YES;
				CLANG_WARN_SUSPICIOUS_MOVE = YES;
				CLANG_WARN_UNGUARDED_AVAILABILITY = YES_AGGRESSIVE;
				CLANG_WARN_UNREACHABLE_CODE = YES;
				CLANG_WARN__DUPLICATE_METHOD_MATCH = YES;
				COPY_PHASE_STRIP = NO;
				DEBUG_INFORMATION_FORMAT = dwarf;
				ENABLE_STRICT_OBJC_MSGSEND = YES;
				ENABLE_TESTABILITY = YES;
				ENABLE_USER_SCRIPT_SANDBOXING = YES;
				GCC_C_LANGUAGE_STANDARD = gnu17;
				GCC_DYNAMIC_NO_PIC = NO;
				GCC_NO_COMMON_BLOCKS = YES;
				GCC_OPTIMIZATION_LEVEL = 0;
				GCC_PREPROCESSOR_DEFINITIONS = (
					"DEBUG=1",
					"$(inherited)",
				);
				GCC_WARN_64_TO_32_BIT_CONVERSION = YES;
				GCC_WARN_ABOUT_RETURN_TYPE = YES_ERROR;
				GCC_WARN_UNDECLARED_SELECTOR = YES;
				GCC_WARN_UNINITIALIZED_AUTOS = YES_AGGRESSIVE;
				GCC_WARN_UNUSED_FUNCTION = YES;
				GCC_WARN_UNUSED_VARIABLE = YES;
				IPHONEOS_DEPLOYMENT_TARGET = 17.5;
				LOCALIZATION_PREFERS_STRING_CATALOGS = YES;
				MTL_ENABLE_DEBUG_INFO = INCLUDE_SOURCE;
				MTL_FAST_MATH = YES;
				ONLY_ACTIVE_ARCH = YES;
				SDKROOT = iphoneos;
				SWIFT_ACTIVE_COMPILATION_CONDITIONS = "DEBUG $(inherited)";
				SWIFT_OPTIMIZATION_LEVEL = "-Onone";
			};
			name = Debug;
		};
		E6C7DD252C085F35003FC4CC /* Release */ = {
			isa = XCBuildConfiguration;
			buildSettings = {
				ALWAYS_SEARCH_USER_PATHS = NO;
				ASSETCATALOG_COMPILER_GENERATE_SWIFT_ASSET_SYMBOL_EXTENSIONS = YES;
				CLANG_ANALYZER_NONNULL = YES;
				CLANG_ANALYZER_NUMBER_OBJECT_CONVERSION = YES_AGGRESSIVE;
				CLANG_CXX_LANGUAGE_STANDARD = "gnu++20";
				CLANG_ENABLE_MODULES = YES;
				CLANG_ENABLE_OBJC_ARC = YES;
				CLANG_ENABLE_OBJC_WEAK = YES;
				CLANG_WARN_BLOCK_CAPTURE_AUTORELEASING = YES;
				CLANG_WARN_BOOL_CONVERSION = YES;
				CLANG_WARN_COMMA = YES;
				CLANG_WARN_CONSTANT_CONVERSION = YES;
				CLANG_WARN_DEPRECATED_OBJC_IMPLEMENTATIONS = YES;
				CLANG_WARN_DIRECT_OBJC_ISA_USAGE = YES_ERROR;
				CLANG_WARN_DOCUMENTATION_COMMENTS = YES;
				CLANG_WARN_EMPTY_BODY = YES;
				CLANG_WARN_ENUM_CONVERSION = YES;
				CLANG_WARN_INFINITE_RECURSION = YES;
				CLANG_WARN_INT_CONVERSION = YES;
				CLANG_WARN_NON_LITERAL_NULL_CONVERSION = YES;
				CLANG_WARN_OBJC_IMPLICIT_RETAIN_SELF = YES;
				CLANG_WARN_OBJC_LITERAL_CONVERSION = YES;
				CLANG_WARN_OBJC_ROOT_CLASS = YES_ERROR;
				CLANG_WARN_QUOTED_INCLUDE_IN_FRAMEWORK_HEADER = YES;
				CLANG_WARN_RANGE_LOOP_ANALYSIS = YES;
				CLANG_WARN_STRICT_PROTOTYPES = YES;
				CLANG_WARN_SUSPICIOUS_MOVE = YES;
				CLANG_WARN_UNGUARDED_AVAILABILITY = YES_AGGRESSIVE;
				CLANG_WARN_UNREACHABLE_CODE = YES;
				CLANG_WARN__DUPLICATE_METHOD_MATCH = YES;
				COPY_PHASE_STRIP = NO;
				DEBUG_INFORMATION_FORMAT = "dwarf-with-dsym";
				ENABLE_NS_ASSERTIONS = NO;
				ENABLE_STRICT_OBJC_MSGSEND = YES;
				ENABLE_USER_SCRIPT_SANDBOXING = YES;
				GCC_C_LANGUAGE_STANDARD = gnu17;
				GCC_NO_COMMON_BLOCKS = YES;
				GCC_WARN_64_TO_32_BIT_CONVERSION = YES;
				GCC_WARN_ABOUT_RETURN_TYPE = YES_ERROR;
				GCC_WARN_UNDECLARED_SELECTOR = YES;
				GCC_WARN_UNINITIALIZED_AUTOS = YES_AGGRESSIVE;
				GCC_WARN_UNUSED_FUNCTION = YES;
				GCC_WARN_UNUSED_VARIABLE = YES;
				IPHONEOS_DEPLOYMENT_TARGET = 17.5;
				LOCALIZATION_PREFERS_STRING_CATALOGS = YES;
				MTL_ENABLE_DEBUG_INFO = NO;
				MTL_FAST_MATH = YES;
				SDKROOT = iphoneos;
				SWIFT_COMPILATION_MODE = wholemodule;
				VALIDATE_PRODUCT = YES;
			};
			name = Release;
		};
		E6C7DD272C085F35003FC4CC /* Debug */ = {
			isa = XCBuildConfiguration;
			buildSettings = {
				ASSETCATALOG_COMPILER_APPICON_NAME = AppIcon;
				ASSETCATALOG_COMPILER_GLOBAL_ACCENT_COLOR_NAME = AccentColor;
				CODE_SIGN_STYLE = Automatic;
				CURRENT_PROJECT_VERSION = 1;
				GENERATE_INFOPLIST_FILE = YES;
				INFOPLIST_FILE = NavigationsExamples/Info.plist;
				INFOPLIST_KEY_UIApplicationSupportsIndirectInputEvents = YES;
				INFOPLIST_KEY_UILaunchStoryboardName = LaunchScreen;
				INFOPLIST_KEY_UIMainStoryboardFile = Main;
				INFOPLIST_KEY_UISupportedInterfaceOrientations_iPad = "UIInterfaceOrientationPortrait UIInterfaceOrientationPortraitUpsideDown UIInterfaceOrientationLandscapeLeft UIInterfaceOrientationLandscapeRight";
				INFOPLIST_KEY_UISupportedInterfaceOrientations_iPhone = "UIInterfaceOrientationPortrait UIInterfaceOrientationLandscapeLeft UIInterfaceOrientationLandscapeRight";
				LD_RUNPATH_SEARCH_PATHS = (
					"$(inherited)",
					"@executable_path/Frameworks",
				);
				MARKETING_VERSION = 1.0;
				PRODUCT_BUNDLE_IDENTIFIER = com.PranayJain.NavigationsExamples;
				PRODUCT_NAME = "$(TARGET_NAME)";
				SWIFT_EMIT_LOC_STRINGS = YES;
				SWIFT_VERSION = 5.0;
				TARGETED_DEVICE_FAMILY = "1,2";
			};
			name = Debug;
		};
		E6C7DD282C085F35003FC4CC /* Release */ = {
			isa = XCBuildConfiguration;
			buildSettings = {
				ASSETCATALOG_COMPILER_APPICON_NAME = AppIcon;
				ASSETCATALOG_COMPILER_GLOBAL_ACCENT_COLOR_NAME = AccentColor;
				CODE_SIGN_STYLE = Automatic;
				CURRENT_PROJECT_VERSION = 1;
				GENERATE_INFOPLIST_FILE = YES;
				INFOPLIST_FILE = NavigationsExamples/Info.plist;
				INFOPLIST_KEY_UIApplicationSupportsIndirectInputEvents = YES;
				INFOPLIST_KEY_UILaunchStoryboardName = LaunchScreen;
				INFOPLIST_KEY_UIMainStoryboardFile = Main;
				INFOPLIST_KEY_UISupportedInterfaceOrientations_iPad = "UIInterfaceOrientationPortrait UIInterfaceOrientationPortraitUpsideDown UIInterfaceOrientationLandscapeLeft UIInterfaceOrientationLandscapeRight";
				INFOPLIST_KEY_UISupportedInterfaceOrientations_iPhone = "UIInterfaceOrientationPortrait UIInterfaceOrientationLandscapeLeft UIInterfaceOrientationLandscapeRight";
				LD_RUNPATH_SEARCH_PATHS = (
					"$(inherited)",
					"@executable_path/Frameworks",
				);
				MARKETING_VERSION = 1.0;
				PRODUCT_BUNDLE_IDENTIFIER = com.PranayJain.NavigationsExamples;
				PRODUCT_NAME = "$(TARGET_NAME)";
				SWIFT_EMIT_LOC_STRINGS = YES;
				SWIFT_VERSION = 5.0;
				TARGETED_DEVICE_FAMILY = "1,2";
			};
			name = Release;
		};
/* End XCBuildConfiguration section */

/* Begin XCConfigurationList section */
		E6C7DD0D2C085F33003FC4CC /* Build configuration list for PBXProject "NavigationsExamples" */ = {
			isa = XCConfigurationList;
			buildConfigurations = (
				E6C7DD242C085F35003FC4CC /* Debug */,
				E6C7DD252C085F35003FC4CC /* Release */,
			);
			defaultConfigurationIsVisible = 0;
			defaultConfigurationName = Release;
		};
		E6C7DD262C085F35003FC4CC /* Build configuration list for PBXNativeTarget "NavigationsExamples" */ = {
			isa = XCConfigurationList;
			buildConfigurations = (
				E6C7DD272C085F35003FC4CC /* Debug */,
				E6C7DD282C085F35003FC4CC /* Release */,
			);
			defaultConfigurationIsVisible = 0;
			defaultConfigurationName = Release;
		};
/* End XCConfigurationList section */
	};
	rootObject = E6C7DD0A2C085F33003FC4CC /* Project object */;
}
